
Microsoft Visual Studio Solution File, Format Version 12.00
# Visual Studio Version 17
VisualStudioVersion = 17.12.35514.174 d17.12
MinimumVisualStudioVersion = 10.0.40219.1
Project("{FAE04EC0-301F-11D3-BF4B-00C04F79EFBC}") = "Ejercicio_2", "Ejercicio_2\Ejercicio_2.csproj", "{F5E9E5F1-38E4-4BBF-B971-7E97A91176A1}"
EndProject
Project("{FAE04EC0-301F-11D3-BF4B-00C04F79EFBC}") = "Ejercicio_1", "Ejercicio_1\Ejercicio_1.csproj", "{90207470-C32F-4EFD-A68E-B20F5A2E33A2}"
EndProject
Global
	GlobalSection(SolutionConfigurationPlatforms) = preSolution
		Debug|Any CPU = Debug|Any CPU
		Release|Any CPU = Release|Any CPU
	EndGlobalSection
	GlobalSection(ProjectConfigurationPlatforms) = postSolution
		{F5E9E5F1-38E4-4BBF-B971-7E97A91176A1}.Debug|Any CPU.ActiveCfg = Debug|Any CPU
		{F5E9E5F1-38E4-4BBF-B971-7E97A91176A1}.Debug|Any CPU.Build.0 = Debug|Any CPU
		{F5E9E5F1-38E4-4BBF-B971-7E97A91176A1}.Release|Any CPU.ActiveCfg = Release|Any CPU
		{F5E9E5F1-38E4-4BBF-B971-7E97A91176A1}.Release|Any CPU.Build.0 = Release|Any CPU
		{90207470-C32F-4EFD-A68E-B20F5A2E33A2}.Debug|Any CPU.ActiveCfg = Debug|Any CPU
		{90207470-C32F-4EFD-A68E-B20F5A2E33A2}.Debug|Any CPU.Build.0 = Debug|Any CPU
		{90207470-C32F-4EFD-A68E-B20F5A2E33A2}.Release|Any CPU.ActiveCfg = Release|Any CPU
		{90207470-C32F-4EFD-A68E-B20F5A2E33A2}.Release|Any CPU.Build.0 = Release|Any CPU
	EndGlobalSection
	GlobalSection(SolutionProperties) = preSolution
		HideSolutionNode = FALSE
	EndGlobalSection
EndGlobal
